
Microsoft Visual Studio Solution File, Format Version 12.00
# Visual Studio 15
VisualStudioVersion = 15.0.26228.4
MinimumVisualStudioVersion = 10.0.40219.1
Project("{FAE04EC0-301F-11D3-BF4B-00C04F79EFBC}") = "WebSocketServer.Demo", "WebSocketServer.Demo\WebSocketServer.Demo.csproj", "{D0ABADA2-3947-4CAB-A39B-0B75EA82DEE0}"
EndProject
Project("{FAE04EC0-301F-11D3-BF4B-00C04F79EFBC}") = "WebSocketServer.Demo2", "WebSocketServer.Demo2\WebSocketServer.Demo2.csproj", "{86930D04-CB40-4712-A81B-A27F192C3789}"
EndProject
Project("{FAE04EC0-301F-11D3-BF4B-00C04F79EFBC}") = "WebSocket.Service", "WebSocket.Service\WebSocket.Service.csproj", "{291024E5-3FDF-44DF-ACC8-1C98A82DF4A3}"
EndProject
Project("{FAE04EC0-301F-11D3-BF4B-00C04F79EFBC}") = "WebSocket.Service.Test", "WebSocket.Service.Test\WebSocket.Service.Test.csproj", "{A2D5DDF6-4EED-475E-864A-AC16C64D59A1}"
EndProject
Project("{FAE04EC0-301F-11D3-BF4B-00C04F79EFBC}") = "JsonTest", "JsonTest\JsonTest.csproj", "{16B1E594-F551-4A51-9D46-492BCEC77B6E}"
EndProject
Project("{FAE04EC0-301F-11D3-BF4B-00C04F79EFBC}") = "WebSocket.Service.TestWithWinForm", "WebSocket.Service.TestWithWinForm\WebSocket.Service.TestWithWinForm.csproj", "{0072D8A7-2331-4620-AE14-3AE05790D254}"
EndProject
Project("{FAE04EC0-301F-11D3-BF4B-00C04F79EFBC}") = "CommonTest", "CommonTest\CommonTest.csproj", "{3B97250B-3D5F-43F5-B9A1-119BC070B1F1}"
EndProject
Global
	GlobalSection(SolutionConfigurationPlatforms) = preSolution
		Debug|Any CPU = Debug|Any CPU
		Release|Any CPU = Release|Any CPU
	EndGlobalSection
	GlobalSection(ProjectConfigurationPlatforms) = postSolution
		{D0ABADA2-3947-4CAB-A39B-0B75EA82DEE0}.Debug|Any CPU.ActiveCfg = Debug|Any CPU
		{D0ABADA2-3947-4CAB-A39B-0B75EA82DEE0}.Debug|Any CPU.Build.0 = Debug|Any CPU
		{D0ABADA2-3947-4CAB-A39B-0B75EA82DEE0}.Release|Any CPU.ActiveCfg = Release|Any CPU
		{D0ABADA2-3947-4CAB-A39B-0B75EA82DEE0}.Release|Any CPU.Build.0 = Release|Any CPU
		{86930D04-CB40-4712-A81B-A27F192C3789}.Debug|Any CPU.ActiveCfg = Debug|Any CPU
		{86930D04-CB40-4712-A81B-A27F192C3789}.Debug|Any CPU.Build.0 = Debug|Any CPU
		{86930D04-CB40-4712-A81B-A27F192C3789}.Release|Any CPU.ActiveCfg = Release|Any CPU
		{86930D04-CB40-4712-A81B-A27F192C3789}.Release|Any CPU.Build.0 = Release|Any CPU
		{291024E5-3FDF-44DF-ACC8-1C98A82DF4A3}.Debug|Any CPU.ActiveCfg = Debug|Any CPU
		{291024E5-3FDF-44DF-ACC8-1C98A82DF4A3}.Debug|Any CPU.Build.0 = Debug|Any CPU
		{291024E5-3FDF-44DF-ACC8-1C98A82DF4A3}.Release|Any CPU.ActiveCfg = Release|Any CPU
		{291024E5-3FDF-44DF-ACC8-1C98A82DF4A3}.Release|Any CPU.Build.0 = Release|Any CPU
		{A2D5DDF6-4EED-475E-864A-AC16C64D59A1}.Debug|Any CPU.ActiveCfg = Debug|Any CPU
		{A2D5DDF6-4EED-475E-864A-AC16C64D59A1}.Debug|Any CPU.Build.0 = Debug|Any CPU
		{A2D5DDF6-4EED-475E-864A-AC16C64D59A1}.Release|Any CPU.ActiveCfg = Release|Any CPU
		{A2D5DDF6-4EED-475E-864A-AC16C64D59A1}.Release|Any CPU.Build.0 = Release|Any CPU
		{16B1E594-F551-4A51-9D46-492BCEC77B6E}.Debug|Any CPU.ActiveCfg = Debug|Any CPU
		{16B1E594-F551-4A51-9D46-492BCEC77B6E}.Debug|Any CPU.Build.0 = Debug|Any CPU
		{16B1E594-F551-4A51-9D46-492BCEC77B6E}.Release|Any CPU.ActiveCfg = Release|Any CPU
		{16B1E594-F551-4A51-9D46-492BCEC77B6E}.Release|Any CPU.Build.0 = Release|Any CPU
		{0072D8A7-2331-4620-AE14-3AE05790D254}.Debug|Any CPU.ActiveCfg = Debug|Any CPU
		{0072D8A7-2331-4620-AE14-3AE05790D254}.Debug|Any CPU.Build.0 = Debug|Any CPU
		{0072D8A7-2331-4620-AE14-3AE05790D254}.Release|Any CPU.ActiveCfg = Release|Any CPU
		{0072D8A7-2331-4620-AE14-3AE05790D254}.Release|Any CPU.Build.0 = Release|Any CPU
		{3B97250B-3D5F-43F5-B9A1-119BC070B1F1}.Debug|Any CPU.ActiveCfg = Debug|Any CPU
		{3B97250B-3D5F-43F5-B9A1-119BC070B1F1}.Debug|Any CPU.Build.0 = Debug|Any CPU
		{3B97250B-3D5F-43F5-B9A1-119BC070B1F1}.Release|Any CPU.ActiveCfg = Release|Any CPU
		{3B97250B-3D5F-43F5-B9A1-119BC070B1F1}.Release|Any CPU.Build.0 = Release|Any CPU
	EndGlobalSection
	GlobalSection(SolutionProperties) = preSolution
		HideSolutionNode = FALSE
	EndGlobalSection
EndGlobal
